// !$*UTF8*$!
{
	archiveVersion = 1;
	classes = {
	};
	objectVersion = 100;
	objects = {

/* Begin PBXBuildFile section */
		A6B56C0E2FC7971800298AF4 /* NetworkMonitor.swift in Sources */ = {isa = PBXBuildFile; fileRef = A6B56C0D2FC7971800298AF4 /* NetworkMonitor.swift */; };
		A6B56C122FC7980300298AF4 /* AppDelegate.swift in Sources */ = {isa = PBXBuildFile; fileRef = A6B56C112FC7980300298AF4 /* AppDelegate.swift */; };
/* End PBXBuildFile section */

/* Begin PBXContainerItemProxy section */
		A6B56BF12FC7954B00298AF4 /* PBXContainerItemProxy */ = {
			isa = PBXContainerItemProxy;
			containerPortal = A6B56BDB2FC7954900298AF4 /* Project object */;
			proxyType = 1;
			remoteGlobalIDString = A6B56BE22FC7954900298AF4;
			remoteInfo = MacNetInspector;
		};
		A6B56BFB2FC7954B00298AF4 /* PBXContainerItemProxy */ = {
			isa = PBXContainerItemProxy;
			containerPortal = A6B56BDB2FC7954900298AF4 /* Project object */;
			proxyType = 1;
			remoteGlobalIDString = A6B56BE22FC7954900298AF4;
			remoteInfo = MacNetInspector;
		};
/* End PBXContainerItemProxy section */

/* Begin PBXFileReference section */
		A6B56BE32FC7954900298AF4 /* MacNetInspector.app */ = {isa = PBXFileReference; explicitFileType = wrapper.application; includeInIndex = 0; path = MacNetInspector.app; sourceTree = BUILT_PRODUCTS_DIR; };
		A6B56BF02FC7954B00298AF4 /* MacNetInspectorTests.xctest */ = {isa = PBXFileReference; explicitFileType = wrapper.cfbundle; includeInIndex = 0; path = MacNetInspectorTests.xctest; sourceTree = BUILT_PRODUCTS_DIR; };
		A6B56BFA2FC7954B00298AF4 /* MacNetInspectorUITests.xctest */ = {isa = PBXFileReference; explicitFileType = wrapper.cfbundle; includeInIndex = 0; path = MacNetInspectorUITests.xctest; sourceTree = BUILT_PRODUCTS_DIR; };
		A6B56C0D2FC7971800298AF4 /* NetworkMonitor.swift */ = {isa = PBXFileReference; lastKnownFileType = sourcecode.swift; path = NetworkMonitor.swift; sourceTree = "<group>"; };
		A6B56C112FC7980300298AF4 /* AppDelegate.swift */ = {isa = PBXFileReference; lastKnownFileType = sourcecode.swift; path = AppDelegate.swift; sourceTree = "<group>"; };
/* End PBXFileReference section */

/* Begin PBXFileSystemSynchronizedRootGroup section */
		A6B56BE52FC7954900298AF4 /* MacNetInspector */ = {
			isa = PBXFileSystemSynchronizedRootGroup;
			path = MacNetInspector;
			sourceTree = "<group>";
		};
		A6B56BF32FC7954B00298AF4 /* MacNetInspectorTests */ = {
			isa = PBXFileSystemSynchronizedRootGroup;
			path = MacNetInspectorTests;
			sourceTree = "<group>";
		};
		A6B56BFD2FC7954B00298AF4 /* MacNetInspectorUITests */ = {
			isa = PBXFileSystemSynchronizedRootGroup;
			path = MacNetInspectorUITests;
			sourceTree = "<group>";
		};
/* End PBXFileSystemSynchronizedRootGroup section */

/* Begin PBXFrameworksBuildPhase section */
		A6B56BE02FC7954900298AF4 /* Frameworks */ = {
			isa = PBXFrameworksBuildPhase;
			files = (
			);
		};
		A6B56BED2FC7954B00298AF4 /* Frameworks */ = {
			isa = PBXFrameworksBuildPhase;
			files = (
			);
		};
		A6B56BF72FC7954B00298AF4 /* Frameworks */ = {
			isa = PBXFrameworksBuildPhase;
			files = (
			);
		};
/* End PBXFrameworksBuildPhase section */

/* Begin PBXGroup section */
		A6B56BDA2FC7954900298AF4 = {
			isa = PBXGroup;
			children = (
				A6B56C112FC7980300298AF4 /* AppDelegate.swift */,
				A6B56C0D2FC7971800298AF4 /* NetworkMonitor.swift */,
				A6B56BE52FC7954900298AF4 /* MacNetInspector */,
				A6B56BF32FC7954B00298AF4 /* MacNetInspectorTests */,
				A6B56BFD2FC7954B00298AF4 /* MacNetInspectorUITests */,
				A6B56BE42FC7954900298AF4 /* Products */,
			);
			sourceTree = "<group>";
		};
		A6B56BE42FC7954900298AF4 /* Products */ = {
			isa = PBXGroup;
			children = (
				A6B56BE32FC7954900298AF4 /* MacNetInspector.app */,
				A6B56BF02FC7954B00298AF4 /* MacNetInspectorTests.xctest */,
				A6B56BFA2FC7954B00298AF4 /* MacNetInspectorUITests.xctest */,
			);
			name = Products;
			sourceTree = "<group>";
		};
/* End PBXGroup section */

/* Begin PBXNativeTarget section */
		A6B56BE22FC7954900298AF4 /* MacNetInspector */ = {
			isa = PBXNativeTarget;
			buildConfigurationList = A6B56C042FC7954B00298AF4 /* Build configuration list for PBXNativeTarget "MacNetInspector" */;
			buildPhases = (
				A6B56BDF2FC7954900298AF4 /* Sources */,
				A6B56BE02FC7954900298AF4 /* Frameworks */,
				A6B56BE12FC7954900298AF4 /* Resources */,
			);
			buildRules = (
			);
			fileSystemSynchronizedGroups = (
				A6B56BE52FC7954900298AF4 /* MacNetInspector */,
			);
			name = MacNetInspector;
			productName = MacNetInspector;
			productReference = A6B56BE32FC7954900298AF4 /* MacNetInspector.app */;
			productType = "com.apple.product-type.application";
		};
		A6B56BEF2FC7954B00298AF4 /* MacNetInspectorTests */ = {
			isa = PBXNativeTarget;
			buildConfigurationList = A6B56C072FC7954B00298AF4 /* Build configuration list for PBXNativeTarget "MacNetInspectorTests" */;
			buildPhases = (
				A6B56BEC2FC7954B00298AF4 /* Sources */,
				A6B56BED2FC7954B00298AF4 /* Frameworks */,
				A6B56BEE2FC7954B00298AF4 /* Resources */,
			);
			buildRules = (
			);
			dependencies = (
				A6B56BF22FC7954B00298AF4 /* PBXTargetDependency */,
			);
			fileSystemSynchronizedGroups = (
				A6B56BF32FC7954B00298AF4 /* MacNetInspectorTests */,
			);
			name = MacNetInspectorTests;
			productName = MacNetInspectorTests;
			productReference = A6B56BF02FC7954B00298AF4 /* MacNetInspectorTests.xctest */;
			productType = "com.apple.product-type.bundle.unit-test";
		};
		A6B56BF92FC7954B00298AF4 /* MacNetInspectorUITests */ = {
			isa = PBXNativeTarget;
			buildConfigurationList = A6B56C0A2FC7954B00298AF4 /* Build configuration list for PBXNativeTarget "MacNetInspectorUITests" */;
			buildPhases = (
				A6B56BF62FC7954B00298AF4 /* Sources */,
				A6B56BF72FC7954B00298AF4 /* Frameworks */,
				A6B56BF82FC7954B00298AF4 /* Resources */,
			);
			buildRules = (
			);
			dependencies = (
				A6B56BFC2FC7954B00298AF4 /* PBXTargetDependency */,
			);
			fileSystemSynchronizedGroups = (
				A6B56BFD2FC7954B00298AF4 /* MacNetInspectorUITests */,
			);
			name = MacNetInspectorUITests;
			productName = MacNetInspectorUITests;
			productReference = A6B56BFA2FC7954B00298AF4 /* MacNetInspectorUITests.xctest */;
			productType = "com.apple.product-type.bundle.ui-testing";
		};
/* End PBXNativeTarget section */

/* Begin PBXProject section */
		A6B56BDB2FC7954900298AF4 /* Project object */ = {
			isa = PBXProject;
			attributes = {
				BuildIndependentTargetsInParallel = 1;
				LastSwiftUpdateCheck = 2650;
				LastUpgradeCheck = 2650;
				TargetAttributes = {
					A6B56BE22FC7954900298AF4 = {
						CreatedOnToolsVersion = 26.5;
					};
					A6B56BEF2FC7954B00298AF4 = {
						CreatedOnToolsVersion = 26.5;
						TestTargetID = A6B56BE22FC7954900298AF4;
					};
					A6B56BF92FC7954B00298AF4 = {
						CreatedOnToolsVersion = 26.5;
						TestTargetID = A6B56BE22FC7954900298AF4;
					};
				};
			};
			buildConfigurationList = A6B56BDE2FC7954900298AF4 /* Build configuration list for PBXProject "MacNetInspector" */;
			developmentRegion = en;
			hasScannedForEncodings = 0;
			knownRegions = (
				en,
				Base,
			);
			mainGroup = A6B56BDA2FC7954900298AF4;
			minimizedProjectReferenceProxies = 1;
			preferredProjectObjectVersion = 100;
			productRefGroup = A6B56BE42FC7954900298AF4 /* Products */;
			projectDirPath = "";
			projectRoot = "";
			targets = (
				A6B56BE22FC7954900298AF4 /* MacNetInspector */,
				A6B56BEF2FC7954B00298AF4 /* MacNetInspectorTests */,
				A6B56BF92FC7954B00298AF4 /* MacNetInspectorUITests */,
			);
		};
/* End PBXProject section */

/* Begin PBXResourcesBuildPhase section */
		A6B56BE12FC7954900298AF4 /* Resources */ = {
			isa = PBXResourcesBuildPhase;
			files = (
			);
		};
		A6B56BEE2FC7954B00298AF4 /* Resources */ = {
			isa = PBXResourcesBuildPhase;
			files = (
			);
		};
		A6B56BF82FC7954B00298AF4 /* Resources */ = {
			isa = PBXResourcesBuildPhase;
			files = (
			);
		};
/* End PBXResourcesBuildPhase section */

/* Begin PBXSourcesBuildPhase section */
		A6B56BDF2FC7954900298AF4 /* Sources */ = {
			isa = PBXSourcesBuildPhase;
			files = (
				A6B56C0E2FC7971800298AF4 /* NetworkMonitor.swift in Sources */,
				A6B56C122FC7980300298AF4 /* AppDelegate.swift in Sources */,
			);
		};
		A6B56BEC2FC7954B00298AF4 /* Sources */ = {
			isa = PBXSourcesBuildPhase;
			files = (
			);
		};
		A6B56BF62FC7954B00298AF4 /* Sources */ = {
			isa = PBXSourcesBuildPhase;
			files = (
			);
		};
/* End PBXSourcesBuildPhase section */

/* Begin PBXTargetDependency section */
		A6B56BF22FC7954B00298AF4 /* PBXTargetDependency */ = {
			isa = PBXTargetDependency;
			target = A6B56BE22FC7954900298AF4 /* MacNetInspector */;
			targetProxy = A6B56BF12FC7954B00298AF4 /* PBXContainerItemProxy */;
		};
		A6B56BFC2FC7954B00298AF4 /* PBXTargetDependency */ = {
			isa = PBXTargetDependency;
			target = A6B56BE22FC7954900298AF4 /* MacNetInspector */;
			targetProxy = A6B56BFB2FC7954B00298AF4 /* PBXContainerItemProxy */;
		};
/* End PBXTargetDependency section */

/* Begin XCBuildConfiguration section */
		A6B56C022FC7954B00298AF4 /* Debug configuration for PBXProject "MacNetInspector" */ = {
			isa = XCBuildConfiguration;
			buildSettings = {
				ALWAYS_SEARCH_USER_PATHS = NO;
				ASSETCATALOG_COMPILER_GENERATE_SWIFT_ASSET_SYMBOL_EXTENSIONS = YES;
				CLANG_ANALYZER_NONNULL = YES;
				CLANG_ANALYZER_NUMBER_OBJECT_CONVERSION = YES_AGGRESSIVE;
				CLANG_CXX_LANGUAGE_STANDARD = "gnu++20";
				CLANG_ENABLE_MODULES = YES;
				CLANG_ENABLE_OBJC_ARC = YES;
				CLANG_ENABLE_OBJC_WEAK = YES;
				CLANG_WARN_BLOCK_CAPTURE_AUTORELEASING = YES;
				CLANG_WARN_BOOL_CONVERSION = YES;
				CLANG_WARN_COMMA = YES;
				CLANG_WARN_CONSTANT_CONVERSION = YES;
				CLANG_WARN_DEPRECATED_OBJC_IMPLEMENTATIONS = YES;
				CLANG_WARN_DIRECT_OBJC_ISA_USAGE = YES_ERROR;
				CLANG_WARN_DOCUMENTATION_COMMENTS = YES;
				CLANG_WARN_EMPTY_BODY = YES;
				CLANG_WARN_ENUM_CONVERSION = YES;
				CLANG_WARN_INFINITE_RECURSION = YES;
				CLANG_WARN_INT_CONVERSION = YES;
				CLANG_WARN_NON_LITERAL_NULL_CONVERSION = YES;
				CLANG_WARN_OBJC_IMPLICIT_RETAIN_SELF = YES;
				CLANG_WARN_OBJC_LITERAL_CONVERSION = YES;
				CLANG_WARN_OBJC_ROOT_CLASS = YES_ERROR;
				CLANG_WARN_QUOTED_INCLUDE_IN_FRAMEWORK_HEADER = YES;
				CLANG_WARN_RANGE_LOOP_ANALYSIS = YES;
				CLANG_WARN_STRICT_PROTOTYPES = YES;
				CLANG_WARN_SUSPICIOUS_MOVE = YES;
				CLANG_WARN_UNGUARDED_AVAILABILITY = YES_AGGRESSIVE;
				CLANG_WARN_UNREACHABLE_CODE = YES;
				CLANG_WARN__DUPLICATE_METHOD_MATCH = YES;
				COPY_PHASE_STRIP = NO;
				DEBUG_INFORMATION_FORMAT = dwarf;
				DEVELOPMENT_TEAM = 74ZH7SQTV5;
				ENABLE_STRICT_OBJC_MSGSEND = YES;
				ENABLE_TESTABILITY = YES;
				ENABLE_USER_SCRIPT_SANDBOXING = YES;
				GCC_C_LANGUAGE_STANDARD = gnu17;
				GCC_DYNAMIC_NO_PIC = NO;
				GCC_NO_COMMON_BLOCKS = YES;
				GCC_OPTIMIZATION_LEVEL = 0;
				GCC_PREPROCESSOR_DEFINITIONS = (
					"DEBUG=1",
					"$(inherited)",
				);
				GCC_WARN_64_TO_32_BIT_CONVERSION = YES;
				GCC_WARN_ABOUT_RETURN_TYPE = YES_ERROR;
				GCC_WARN_UNDECLARED_SELECTOR = YES;
				GCC_WARN_UNINITIALIZED_AUTOS = YES_AGGRESSIVE;
				GCC_WARN_UNUSED_FUNCTION = YES;
				GCC_WARN_UNUSED_VARIABLE = YES;
				LOCALIZATION_PREFERS_STRING_CATALOGS = YES;
				MACOSX_DEPLOYMENT_TARGET = 26.5;
				MTL_ENABLE_DEBUG_INFO = INCLUDE_SOURCE;
				MTL_FAST_MATH = YES;
				ONLY_ACTIVE_ARCH = YES;
				SDKROOT = macosx;
				SWIFT_ACTIVE_COMPILATION_CONDITIONS = "DEBUG $(inherited)";
				SWIFT_OPTIMIZATION_LEVEL = "-Onone";
			};
			name = Debug;
		};
		A6B56C032FC7954B00298AF4 /* Release configuration for PBXProject "MacNetInspector" */ = {
			isa = XCBuildConfiguration;
			buildSettings = {
				ALWAYS_SEARCH_USER_PATHS = NO;
				ASSETCATALOG_COMPILER_GENERATE_SWIFT_ASSET_SYMBOL_EXTENSIONS = YES;
				CLANG_ANALYZER_NONNULL = YES;
				CLANG_ANALYZER_NUMBER_OBJECT_CONVERSION = YES_AGGRESSIVE;
				CLANG_CXX_LANGUAGE_STANDARD = "gnu++20";
				CLANG_ENABLE_MODULES = YES;
				CLANG_ENABLE_OBJC_ARC = YES;
				CLANG_ENABLE_OBJC_WEAK = YES;
				CLANG_WARN_BLOCK_CAPTURE_AUTORELEASING = YES;
				CLANG_WARN_BOOL_CONVERSION = YES;
				CLANG_WARN_COMMA = YES;
				CLANG_WARN_CONSTANT_CONVERSION = YES;
				CLANG_WARN_DEPRECATED_OBJC_IMPLEMENTATIONS = YES;
				CLANG_WARN_DIRECT_OBJC_ISA_USAGE = YES_ERROR;
				CLANG_WARN_DOCUMENTATION_COMMENTS = YES;
				CLANG_WARN_EMPTY_BODY = YES;
				CLANG_WARN_ENUM_CONVERSION = YES;
				CLANG_WARN_INFINITE_RECURSION = YES;
				CLANG_WARN_INT_CONVERSION = YES;
				CLANG_WARN_NON_LITERAL_NULL_CONVERSION = YES;
				CLANG_WARN_OBJC_IMPLICIT_RETAIN_SELF = YES;
				CLANG_WARN_OBJC_LITERAL_CONVERSION = YES;
				CLANG_WARN_OBJC_ROOT_CLASS = YES_ERROR;
				CLANG_WARN_QUOTED_INCLUDE_IN_FRAMEWORK_HEADER = YES;
				CLANG_WARN_RANGE_LOOP_ANALYSIS = YES;
				CLANG_WARN_STRICT_PROTOTYPES = YES;
				CLANG_WARN_SUSPICIOUS_MOVE = YES;
				CLANG_WARN_UNGUARDED_AVAILABILITY = YES_AGGRESSIVE;
				CLANG_WARN_UNREACHABLE_CODE = YES;
				CLANG_WARN__DUPLICATE_METHOD_MATCH = YES;
				COPY_PHASE_STRIP = NO;
				DEBUG_INFORMATION_FORMAT = "dwarf-with-dsym";
				DEVELOPMENT_TEAM = 74ZH7SQTV5;
				ENABLE_NS_ASSERTIONS = NO;
				ENABLE_STRICT_OBJC_MSGSEND = YES;
				ENABLE_USER_SCRIPT_SANDBOXING = YES;
				GCC_C_LANGUAGE_STANDARD = gnu17;
				GCC_NO_COMMON_BLOCKS = YES;
				GCC_WARN_64_TO_32_BIT_CONVERSION = YES;
				GCC_WARN_ABOUT_RETURN_TYPE = YES_ERROR;
				GCC_WARN_UNDECLARED_SELECTOR = YES;
				GCC_WARN_UNINITIALIZED_AUTOS = YES_AGGRESSIVE;
				GCC_WARN_UNUSED_FUNCTION = YES;
				GCC_WARN_UNUSED_VARIABLE = YES;
				LOCALIZATION_PREFERS_STRING_CATALOGS = YES;
				MACOSX_DEPLOYMENT_TARGET = 26.5;
				MTL_ENABLE_DEBUG_INFO = NO;
				MTL_FAST_MATH = YES;
				SDKROOT = macosx;
				SWIFT_COMPILATION_MODE = wholemodule;
			};
			name = Release;
		};
		A6B56C052FC7954B00298AF4 /* Debug configuration for PBXNativeTarget "MacNetInspector" */ = {
			isa = XCBuildConfiguration;
			buildSettings = {
				ASSETCATALOG_COMPILER_APPICON_NAME = AppIcon;
				ASSETCATALOG_COMPILER_GLOBAL_ACCENT_COLOR_NAME = AccentColor;
				"CODE_SIGN_IDENTITY[sdk=macosx*]" = "Apple Development";
				CODE_SIGN_STYLE = Automatic;
				COMBINE_HIDPI_IMAGES = YES;
				CURRENT_PROJECT_VERSION = 1;
				DEVELOPMENT_TEAM = 74ZH7SQTV5;
				ENABLE_APP_SANDBOX = YES;
				ENABLE_HARDENED_RUNTIME = YES;
				ENABLE_INCOMING_NETWORK_CONNECTIONS = YES;
				ENABLE_OUTGOING_NETWORK_CONNECTIONS = YES;
				ENABLE_PREVIEWS = YES;
				ENABLE_RESOURCE_ACCESS_AUDIO_INPUT = NO;
				ENABLE_RESOURCE_ACCESS_BLUETOOTH = NO;
				ENABLE_RESOURCE_ACCESS_CALENDARS = NO;
				ENABLE_RESOURCE_ACCESS_CAMERA = NO;
				ENABLE_RESOURCE_ACCESS_CONTACTS = NO;
				ENABLE_RESOURCE_ACCESS_LOCATION = YES;
				ENABLE_RESOURCE_ACCESS_PRINTING = NO;
				ENABLE_RESOURCE_ACCESS_USB = NO;
				ENABLE_USER_SELECTED_FILES = readonly;
				GENERATE_INFOPLIST_FILE = YES;
				INFOPLIST_KEY_NSHumanReadableCopyright = "";
				LD_RUNPATH_SEARCH_PATHS = (
					"$(inherited)",
					"@executable_path/../Frameworks",
				);
				MARKETING_VERSION = 1.0;
				PRODUCT_BUNDLE_IDENTIFIER = HUNTER.MacNetInspector;
				PRODUCT_NAME = "$(TARGET_NAME)";
				REGISTER_APP_GROUPS = YES;
				STRING_CATALOG_GENERATE_SYMBOLS = YES;
				SWIFT_APPROACHABLE_CONCURRENCY = YES;
				SWIFT_DEFAULT_ACTOR_ISOLATION = MainActor;
				SWIFT_EMIT_LOC_STRINGS = YES;
				SWIFT_UPCOMING_FEATURE_MEMBER_IMPORT_VISIBILITY = YES;
				SWIFT_VERSION = 5.0;
			};
			name = Debug;
		};
		A6B56C062FC7954B00298AF4 /* Release configuration for PBXNativeTarget "MacNetInspector" */ = {
			isa = XCBuildConfiguration;
			buildSettings = {
				ASSETCATALOG_COMPILER_APPICON_NAME = AppIcon;
				ASSETCATALOG_COMPILER_GLOBAL_ACCENT_COLOR_NAME = AccentColor;
				"CODE_SIGN_IDENTITY[sdk=macosx*]" = "Apple Development";
				CODE_SIGN_STYLE = Automatic;
				COMBINE_HIDPI_IMAGES = YES;
				CURRENT_PROJECT_VERSION = 1;
				DEVELOPMENT_TEAM = 74ZH7SQTV5;
				ENABLE_APP_SANDBOX = YES;
				ENABLE_HARDENED_RUNTIME = YES;
				ENABLE_INCOMING_NETWORK_CONNECTIONS = YES;
				ENABLE_OUTGOING_NETWORK_CONNECTIONS = YES;
				ENABLE_PREVIEWS = YES;
				ENABLE_RESOURCE_ACCESS_AUDIO_INPUT = NO;
				ENABLE_RESOURCE_ACCESS_BLUETOOTH = NO;
				ENABLE_RESOURCE_ACCESS_CALENDARS = NO;
				ENABLE_RESOURCE_ACCESS_CAMERA = NO;
				ENABLE_RESOURCE_ACCESS_CONTACTS = NO;
				ENABLE_RESOURCE_ACCESS_LOCATION = YES;
				ENABLE_RESOURCE_ACCESS_PRINTING = NO;
				ENABLE_RESOURCE_ACCESS_USB = NO;
				ENABLE_USER_SELECTED_FILES = readonly;
				GENERATE_INFOPLIST_FILE = YES;
				INFOPLIST_KEY_NSHumanReadableCopyright = "";
				LD_RUNPATH_SEARCH_PATHS = (
					"$(inherited)",
					"@executable_path/../Frameworks",
				);
				MARKETING_VERSION = 1.0;
				PRODUCT_BUNDLE_IDENTIFIER = HUNTER.MacNetInspector;
				PRODUCT_NAME = "$(TARGET_NAME)";
				REGISTER_APP_GROUPS = YES;
				STRING_CATALOG_GENERATE_SYMBOLS = YES;
				SWIFT_APPROACHABLE_CONCURRENCY = YES;
				SWIFT_DEFAULT_ACTOR_ISOLATION = MainActor;
				SWIFT_EMIT_LOC_STRINGS = YES;
				SWIFT_UPCOMING_FEATURE_MEMBER_IMPORT_VISIBILITY = YES;
				SWIFT_VERSION = 5.0;
			};
			name = Release;
		};
		A6B56C082FC7954B00298AF4 /* Debug configuration for PBXNativeTarget "MacNetInspectorTests" */ = {
			isa = XCBuildConfiguration;
			buildSettings = {
				BUNDLE_LOADER = "$(TEST_HOST)";
				CODE_SIGN_STYLE = Automatic;
				CURRENT_PROJECT_VERSION = 1;
				DEVELOPMENT_TEAM = 74ZH7SQTV5;
				GENERATE_INFOPLIST_FILE = YES;
				MACOSX_DEPLOYMENT_TARGET = 26.5;
				MARKETING_VERSION = 1.0;
				PRODUCT_BUNDLE_IDENTIFIER = HUNTER.MacNetInspectorTests;
				PRODUCT_NAME = "$(TARGET_NAME)";
				STRING_CATALOG_GENERATE_SYMBOLS = NO;
				SWIFT_APPROACHABLE_CONCURRENCY = YES;
				SWIFT_EMIT_LOC_STRINGS = NO;
				SWIFT_UPCOMING_FEATURE_MEMBER_IMPORT_VISIBILITY = YES;
				SWIFT_VERSION = 5.0;
				TEST_HOST = "$(BUILT_PRODUCTS_DIR)/MacNetInspector.app/$(BUNDLE_EXECUTABLE_FOLDER_PATH)/MacNetInspector";
			};
			name = Debug;
		};
		A6B56C092FC7954B00298AF4 /* Release configuration for PBXNativeTarget "MacNetInspectorTests" */ = {
			isa = XCBuildConfiguration;
			buildSettings = {
				BUNDLE_LOADER = "$(TEST_HOST)";
				CODE_SIGN_STYLE = Automatic;
				CURRENT_PROJECT_VERSION = 1;
				DEVELOPMENT_TEAM = 74ZH7SQTV5;
				GENERATE_INFOPLIST_FILE = YES;
				MACOSX_DEPLOYMENT_TARGET = 26.5;
				MARKETING_VERSION = 1.0;
				PRODUCT_BUNDLE_IDENTIFIER = HUNTER.MacNetInspectorTests;
				PRODUCT_NAME = "$(TARGET_NAME)";
				STRING_CATALOG_GENERATE_SYMBOLS = NO;
				SWIFT_APPROACHABLE_CONCURRENCY = YES;
				SWIFT_EMIT_LOC_STRINGS = NO;
				SWIFT_UPCOMING_FEATURE_MEMBER_IMPORT_VISIBILITY = YES;
				SWIFT_VERSION = 5.0;
				TEST_HOST = "$(BUILT_PRODUCTS_DIR)/MacNetInspector.app/$(BUNDLE_EXECUTABLE_FOLDER_PATH)/MacNetInspector";
			};
			name = Release;
		};
		A6B56C0B2FC7954B00298AF4 /* Debug configuration for PBXNativeTarget "MacNetInspectorUITests" */ = {
			isa = XCBuildConfiguration;
			buildSettings = {
				CODE_SIGN_STYLE = Automatic;
				CURRENT_PROJECT_VERSION = 1;
				DEVELOPMENT_TEAM = 74ZH7SQTV5;
				GENERATE_INFOPLIST_FILE = YES;
				MARKETING_VERSION = 1.0;
				PRODUCT_BUNDLE_IDENTIFIER = HUNTER.MacNetInspectorUITests;
				PRODUCT_NAME = "$(TARGET_NAME)";
				STRING_CATALOG_GENERATE_SYMBOLS = NO;
				SWIFT_APPROACHABLE_CONCURRENCY = YES;
				SWIFT_EMIT_LOC_STRINGS = NO;
				SWIFT_UPCOMING_FEATURE_MEMBER_IMPORT_VISIBILITY = YES;
				SWIFT_VERSION = 5.0;
				TEST_TARGET_NAME = MacNetInspector;
			};
			name = Debug;
		};
		A6B56C0C2FC7954B00298AF4 /* Release configuration for PBXNativeTarget "MacNetInspectorUITests" */ = {
			isa = XCBuildConfiguration;
			buildSettings = {
				CODE_SIGN_STYLE = Automatic;
				CURRENT_PROJECT_VERSION = 1;
				DEVELOPMENT_TEAM = 74ZH7SQTV5;
				GENERATE_INFOPLIST_FILE = YES;
				MARKETING_VERSION = 1.0;
				PRODUCT_BUNDLE_IDENTIFIER = HUNTER.MacNetInspectorUITests;
				PRODUCT_NAME = "$(TARGET_NAME)";
				STRING_CATALOG_GENERATE_SYMBOLS = NO;
				SWIFT_APPROACHABLE_CONCURRENCY = YES;
				SWIFT_EMIT_LOC_STRINGS = NO;
				SWIFT_UPCOMING_FEATURE_MEMBER_IMPORT_VISIBILITY = YES;
				SWIFT_VERSION = 5.0;
				TEST_TARGET_NAME = MacNetInspector;
			};
			name = Release;
		};
/* End XCBuildConfiguration section */

/* Begin XCConfigurationList section */
		A6B56BDE2FC7954900298AF4 /* Build configuration list for PBXProject "MacNetInspector" */ = {
			isa = XCConfigurationList;
			buildConfigurations = (
				A6B56C022FC7954B00298AF4 /* Debug configuration for PBXProject "MacNetInspector" */,
				A6B56C032FC7954B00298AF4 /* Release configuration for PBXProject "MacNetInspector" */,
			);
			defaultConfigurationName = Release;
		};
		A6B56C042FC7954B00298AF4 /* Build configuration list for PBXNativeTarget "MacNetInspector" */ = {
			isa = XCConfigurationList;
			buildConfigurations = (
				A6B56C052FC7954B00298AF4 /* Debug configuration for PBXNativeTarget "MacNetInspector" */,
				A6B56C062FC7954B00298AF4 /* Release configuration for PBXNativeTarget "MacNetInspector" */,
			);
			defaultConfigurationName = Release;
		};
		A6B56C072FC7954B00298AF4 /* Build configuration list for PBXNativeTarget "MacNetInspectorTests" */ = {
			isa = XCConfigurationList;
			buildConfigurations = (
				A6B56C082FC7954B00298AF4 /* Debug configuration for PBXNativeTarget "MacNetInspectorTests" */,
				A6B56C092FC7954B00298AF4 /* Release configuration for PBXNativeTarget "MacNetInspectorTests" */,
			);
			defaultConfigurationName = Release;
		};
		A6B56C0A2FC7954B00298AF4 /* Build configuration list for PBXNativeTarget "MacNetInspectorUITests" */ = {
			isa = XCConfigurationList;
			buildConfigurations = (
				A6B56C0B2FC7954B00298AF4 /* Debug configuration for PBXNativeTarget "MacNetInspectorUITests" */,
				A6B56C0C2FC7954B00298AF4 /* Release configuration for PBXNativeTarget "MacNetInspectorUITests" */,
			);
			defaultConfigurationName = Release;
		};
/* End XCConfigurationList section */
	};
	rootObject = A6B56BDB2FC7954900298AF4 /* Project object */;
}
